{
  "version": 4,
  "terraform_version": "1.10.5",
  "serial": 3,
  "lineage": "2eef5b21-a9f9-c278-0be2-bca3c7130981",
  "outputs": {
    "ansible_inventory": {
      "value": "[webservers]\nwebserver ansible_host=192.168.1.19 ansible_user=ubuntu ansible_ssh_private_key_file=~/.ssh/id_ed25519\n\n[dbservers]\ndbserver ansible_host=192.168.1.18 ansible_user=ubuntu ansible_ssh_private_key_file=~/.ssh/id_ed25519\n\n[all:vars]\nansible_python_interpreter=/usr/bin/python3\n",
      "type": "string"
    }
  },
  "resources": [
    {
      "mode": "managed",
      "type": "esxi_guest",
      "name": "ubuntu_vms",
      "provider": "provider[\"registry.terraform.io/josenk/esxi\"]",
      "instances": [
        {
          "index_key": 0,
          "schema_version": 0,
          "attributes": {
            "boot_disk_size": null,
            "boot_disk_type": "thin",
            "boot_firmware": "bios",
            "clone_from_vm": null,
            "disk_store": "datastore1",
            "guest_name": "webserver",
            "guest_shutdown_timeout": 20,
            "guest_startup_timeout": 120,
            "guestinfo": {
              "userdata": "I2Nsb3VkLWNvbmZpZwpzc2hfYXV0aG9yaXplZF9rZXlzOgogIC0gc3NoLWVkMjU1MTkgQUFBQUMzTnphQzFsWkRJMU5URTVBQUFBSU9XSmNYakE5bms3OEdZUklXOTNpZVFMeWx0S005RWxrTmllNGo5M01JMmcgc3R1ZGVudEB1YnVudHUtczExMjIwMDUKCnBhY2thZ2VzOgogIC0gcHl0aG9uMwogIC0gcHl0aG9uMy1waXAKcnVuY21kOgogIC0gc3VkbyBhcHQgdXBkYXRlIC15CiAgLSBzdWRvIGFwdCB1cGdyYWRlIC15CiAgLSBzdWRvIHN5c3RlbWN0bCBlbmFibGUgc3NoCiAgLSBzdWRvIHN5c3RlbWN0bCBzdGFydCBzc2gK",
              "userdata.encoding": "base64"
            },
            "guestos": "ubuntu-64",
            "host_ovf": null,
            "id": "9",
            "ip_address": "192.168.1.19",
            "memsize": "1024",
            "network_interfaces": [
              {
                "mac_address": "",
                "nic_type": "e1000",
                "virtual_network": "VM Network"
              }
            ],
            "notes": "",
            "numvcpus": "1",
            "ovf_properties": [],
            "ovf_properties_timer": 90,
            "ovf_source": "https://cloud-images.ubuntu.com/releases/22.04/release/ubuntu-22.04-server-cloudimg-amd64.ova",
            "power": "on",
            "resource_pool_name": "/",
            "virthwver": "10",
            "virtual_disks": []
          },
          "sensitive_attributes": [],
          "private": "bnVsbA=="
        },
        {
          "index_key": 1,
          "schema_version": 0,
          "attributes": {
            "boot_disk_size": null,
            "boot_disk_type": "thin",
            "boot_firmware": "bios",
            "clone_from_vm": null,
            "disk_store": "datastore1",
            "guest_name": "dbserver",
            "guest_shutdown_timeout": 20,
            "guest_startup_timeout": 120,
            "guestinfo": {
              "userdata": "I2Nsb3VkLWNvbmZpZwpzc2hfYXV0aG9yaXplZF9rZXlzOgogIC0gc3NoLWVkMjU1MTkgQUFBQUMzTnphQzFsWkRJMU5URTVBQUFBSU9XSmNYakE5bms3OEdZUklXOTNpZVFMeWx0S005RWxrTmllNGo5M01JMmcgc3R1ZGVudEB1YnVudHUtczExMjIwMDUKCnBhY2thZ2VzOgogIC0gcHl0aG9uMwogIC0gcHl0aG9uMy1waXAKcnVuY21kOgogIC0gc3VkbyBhcHQgdXBkYXRlIC15CiAgLSBzdWRvIGFwdCB1cGdyYWRlIC15CiAgLSBzdWRvIHN5c3RlbWN0bCBlbmFibGUgc3NoCiAgLSBzdWRvIHN5c3RlbWN0bCBzdGFydCBzc2gK",
              "userdata.encoding": "base64"
            },
            "guestos": "ubuntu-64",
            "host_ovf": null,
            "id": "10",
            "ip_address": "192.168.1.18",
            "memsize": "1024",
            "network_interfaces": [
              {
                "mac_address": "",
                "nic_type": "e1000",
                "virtual_network": "VM Network"
              }
            ],
            "notes": "",
            "numvcpus": "1",
            "ovf_properties": [],
            "ovf_properties_timer": 90,
            "ovf_source": "https://cloud-images.ubuntu.com/releases/22.04/release/ubuntu-22.04-server-cloudimg-amd64.ova",
            "power": "on",
            "resource_pool_name": "/",
            "virthwver": "10",
            "virtual_disks": []
          },
          "sensitive_attributes": [],
          "private": "bnVsbA=="
        }
      ]
    }
  ],
  "check_results": null
}
